
Microsoft Visual Studio Solution File, Format Version 12.00
# Visual Studio Version 17
VisualStudioVersion = 17.0.32112.339
MinimumVisualStudioVersion = 10.0.40219.1
Project("{FAE04EC0-301F-11D3-BF4B-00C04F79EFBC}") = "TodoAPIClass", "TodoAPIClass\TodoAPIClass.csproj", "{48086A81-A8AA-4D74-86B2-12F60761D55D}"
EndProject
Global
	GlobalSection(SolutionConfigurationPlatforms) = preSolution
		Debug|Any CPU = Debug|Any CPU
		Release|Any CPU = Release|Any CPU
	EndGlobalSection
	GlobalSection(ProjectConfigurationPlatforms) = postSolution
		{48086A81-A8AA-4D74-86B2-12F60761D55D}.Debug|Any CPU.ActiveCfg = Debug|Any CPU
		{48086A81-A8AA-4D74-86B2-12F60761D55D}.Debug|Any CPU.Build.0 = Debug|Any CPU
		{48086A81-A8AA-4D74-86B2-12F60761D55D}.Release|Any CPU.ActiveCfg = Release|Any CPU
		{48086A81-A8AA-4D74-86B2-12F60761D55D}.Release|Any CPU.Build.0 = Release|Any CPU
	EndGlobalSection
	GlobalSection(SolutionProperties) = preSolution
		HideSolutionNode = FALSE
	EndGlobalSection
	GlobalSection(ExtensibilityGlobals) = postSolution
		SolutionGuid = {D56804A7-3E8E-4650-A96D-23BE57C602A5}
	EndGlobalSection
EndGlobal
